<?xml version="1.0" encoding="utf-8"?>
<Project ToolsVersion="4.0" xmlns="http://schemas.microsoft.com/developer/msbuild/2003">
  <ItemGroup>
    <Filter Include="Window">
      <UniqueIdentifier>{5fc00d83-06c5-404a-8662-3c4968eb2c03}</UniqueIdentifier>
    </Filter>
    <Filter Include="Window\头文件">
      <UniqueIdentifier>{9dc88630-7f9e-4d86-b59b-a4cb2599ba09}</UniqueIdentifier>
    </Filter>
    <Filter Include="Window\源文件">
      <UniqueIdentifier>{32bba709-cd33-4a06-95ad-a08e594fd365}</UniqueIdentifier>
    </Filter>
    <Filter Include="头文件">
      <UniqueIdentifier>{93995380-89BD-4b04-88EB-625FBE52EBFB}</UniqueIdentifier>
      <Extensions>h;hh;hpp;hxx;h++;hm;inl;inc;ipp;xsd</Extensions>
    </Filter>
    <Filter Include="源文件">
      <UniqueIdentifier>{4FC737F1-C7A5-4376-A066-2A32D752A2FF}</UniqueIdentifier>
      <Extensions>cpp;c;cc;cxx;c++;cppm;ixx;def;odl;idl;hpj;bat;asm;asmx</Extensions>
    </Filter>
    <Filter Include="资源文件">
      <UniqueIdentifier>{67DA6AB6-F800-4c08-8B7A-83BB121AAD01}</UniqueIdentifier>
      <Extensions>rc;ico;cur;bmp;dlg;rc2;rct;bin;rgs;gif;jpg;jpeg;jpe;resx;tiff;tif;png;wav;mfcribbon-ms</Extensions>
    </Filter>
    <Filter Include="Helper">
      <UniqueIdentifier>{a0af3ffa-7e45-4940-bcbf-5a714307cf34}</UniqueIdentifier>
    </Filter>
    <Filter Include="Helper\头文件">
      <UniqueIdentifier>{ef8e0c97-b8fa-43ea-8ce2-62f7cd969d28}</UniqueIdentifier>
    </Filter>
    <Filter Include="Helper\源文件">
      <UniqueIdentifier>{ba8cd74c-d48f-493d-b5d1-c14f0ecbdc30}</UniqueIdentifier>
    </Filter>
  </ItemGroup>
  <ItemGroup>
    <ClInclude Include="Window\MainWindow.h">
      <Filter>Window\头文件</Filter>
    </ClInclude>
    <ClInclude Include="UniqueInstance.h">
      <Filter>头文件</Filter>
    </ClInclude>
    <ClInclude Include="Window\Window.h">
      <Filter>Window\头文件</Filter>
    </ClInclude>
    <ClInclude Include="Window\framework.h">
      <Filter>Window\头文件</Filter>
    </ClInclude>
    <ClInclude Include="Window\targetver.h">
      <Filter>Window\头文件</Filter>
    </ClInclude>
    <ClInclude Include="Helper\Helper.h">
      <Filter>Helper\头文件</Filter>
    </ClInclude>
    <ClInclude Include="Helper\Time.h">
      <Filter>Helper\头文件</Filter>
    </ClInclude>
    <ClInclude Include="Helper\Clock.h">
      <Filter>Helper\头文件</Filter>
    </ClInclude>
    <ClInclude Include="Window\Logger.h">
      <Filter>Window\头文件</Filter>
    </ClInclude>
    <ClInclude Include="Helper\IHelper.h">
      <Filter>Helper\头文件</Filter>
    </ClInclude>
  </ItemGroup>
  <ItemGroup>
    <ClCompile Include="main.cpp">
      <Filter>源文件</Filter>
    </ClCompile>
    <ClCompile Include="Window\MainWindow.cpp">
      <Filter>Window\源文件</Filter>
    </ClCompile>
    <ClCompile Include="UniqueInstance.cpp">
      <Filter>源文件</Filter>
    </ClCompile>
    <ClCompile Include="Window\Window.cpp">
      <Filter>Window\源文件</Filter>
    </ClCompile>
    <ClCompile Include="Helper\Helper.cpp">
      <Filter>Helper\源文件</Filter>
    </ClCompile>
    <ClCompile Include="Helper\Time.cpp">
      <Filter>Helper\源文件</Filter>
    </ClCompile>
    <ClCompile Include="Helper\Clock.cpp">
      <Filter>Helper\源文件</Filter>
    </ClCompile>
    <ClCompile Include="Helper\Helper.steps.cpp">
      <Filter>Helper\源文件</Filter>
    </ClCompile>
    <ClCompile Include="Window\Logger.cpp">
      <Filter>Window\源文件</Filter>
    </ClCompile>
    <ClCompile Include="Helper\IHelper.cpp">
      <Filter>Helper\源文件</Filter>
    </ClCompile>
    <ClCompile Include="Helper\Helper.subtasks.cpp">
      <Filter>Helper\源文件</Filter>
    </ClCompile>
  </ItemGroup>
  <ItemGroup>
    <Manifest Include="list.manifest">
      <Filter>资源文件</Filter>
    </Manifest>
  </ItemGroup>
</Project>